
Microsoft Visual Studio Solution File, Format Version 12.00
# Visual Studio 2012
Project("{FAE04EC0-301F-11D3-BF4B-00C04F79EFBC}") = "MoreLogic", "MoreLogic\MoreLogic.csproj", "{FA999223-6330-4DF1-ADFA-7C4468EDCE41}"
EndProject
Global
	GlobalSection(SolutionConfigurationPlatforms) = preSolution
		Debug|Any CPU = Debug|Any CPU
		Release|Any CPU = Release|Any CPU
	EndGlobalSection
	GlobalSection(ProjectConfigurationPlatforms) = postSolution
		{FA999223-6330-4DF1-ADFA-7C4468EDCE41}.Debug|Any CPU.ActiveCfg = Debug|Any CPU
		{FA999223-6330-4DF1-ADFA-7C4468EDCE41}.Debug|Any CPU.Build.0 = Debug|Any CPU
		{FA999223-6330-4DF1-ADFA-7C4468EDCE41}.Release|Any CPU.ActiveCfg = Release|Any CPU
		{FA999223-6330-4DF1-ADFA-7C4468EDCE41}.Release|Any CPU.Build.0 = Release|Any CPU
	EndGlobalSection
EndGlobal
