
Microsoft Visual Studio Solution File, Format Version 12.00
# Visual Studio 2012
Project("{FAE04EC0-301F-11D3-BF4B-00C04F79EFBC}") = "lecture38Challenge", "lecture38Challenge\lecture38Challenge.csproj", "{2592308A-1C23-4D62-AC46-C5D7BD138445}"
EndProject
Global
	GlobalSection(SolutionConfigurationPlatforms) = preSolution
		Debug|Any CPU = Debug|Any CPU
		Release|Any CPU = Release|Any CPU
	EndGlobalSection
	GlobalSection(ProjectConfigurationPlatforms) = postSolution
		{2592308A-1C23-4D62-AC46-C5D7BD138445}.Debug|Any CPU.ActiveCfg = Debug|Any CPU
		{2592308A-1C23-4D62-AC46-C5D7BD138445}.Debug|Any CPU.Build.0 = Debug|Any CPU
		{2592308A-1C23-4D62-AC46-C5D7BD138445}.Release|Any CPU.ActiveCfg = Release|Any CPU
		{2592308A-1C23-4D62-AC46-C5D7BD138445}.Release|Any CPU.Build.0 = Release|Any CPU
	EndGlobalSection
EndGlobal
